
Microsoft Visual Studio Solution File, Format Version 12.00
# Visual Studio Version 17
VisualStudioVersion = 17.2.32602.215
MinimumVisualStudioVersion = 10.0.40219.1
Project("{9A19103F-16F7-4668-BE54-9A1E7A4F7556}") = "BookList", "BookList\BookList.csproj", "{4E85DB8A-06FE-4596-98A6-234EBDF3F2DD}"
EndProject
Project("{FAE04EC0-301F-11D3-BF4B-00C04F79EFBC}") = "BookListMVC", "BookListMVC\BookListMVC.csproj", "{046515C8-E9D5-41DF-A405-8BFFC6BC5545}"
EndProject
Global
	GlobalSection(SolutionConfigurationPlatforms) = preSolution
		Debug|Any CPU = Debug|Any CPU
		Release|Any CPU = Release|Any CPU
	EndGlobalSection
	GlobalSection(ProjectConfigurationPlatforms) = postSolution
		{4E85DB8A-06FE-4596-98A6-234EBDF3F2DD}.Debug|Any CPU.ActiveCfg = Debug|Any CPU
		{4E85DB8A-06FE-4596-98A6-234EBDF3F2DD}.Debug|Any CPU.Build.0 = Debug|Any CPU
		{4E85DB8A-06FE-4596-98A6-234EBDF3F2DD}.Release|Any CPU.ActiveCfg = Release|Any CPU
		{4E85DB8A-06FE-4596-98A6-234EBDF3F2DD}.Release|Any CPU.Build.0 = Release|Any CPU
		{046515C8-E9D5-41DF-A405-8BFFC6BC5545}.Debug|Any CPU.ActiveCfg = Debug|Any CPU
		{046515C8-E9D5-41DF-A405-8BFFC6BC5545}.Debug|Any CPU.Build.0 = Debug|Any CPU
		{046515C8-E9D5-41DF-A405-8BFFC6BC5545}.Release|Any CPU.ActiveCfg = Release|Any CPU
		{046515C8-E9D5-41DF-A405-8BFFC6BC5545}.Release|Any CPU.Build.0 = Release|Any CPU
	EndGlobalSection
	GlobalSection(SolutionProperties) = preSolution
		HideSolutionNode = FALSE
	EndGlobalSection
	GlobalSection(ExtensibilityGlobals) = postSolution
		SolutionGuid = {9491D4A8-06AD-45B7-95A4-8F5544590235}
	EndGlobalSection
EndGlobal
